
Microsoft Visual Studio Solution File, Format Version 12.00
# Visual Studio Version 16
VisualStudioVersion = 16.0.31005.135
MinimumVisualStudioVersion = 10.0.40219.1
Project("{9A19103F-16F7-4668-BE54-9A1E7A4F7556}") = "SettingMainGadget", "SettingMainGadget\SettingMainGadget.csproj", "{DF56527C-4281-4711-B5EC-72FA104F4DCA}"
EndProject
Project("{2150E333-8FDC-42A3-9474-1A3956D46DE8}") = "Solution Items", "Solution Items", "{75551048-6BFB-448A-AC15-3054EF0F5BC0}"
	ProjectSection(SolutionItems) = preProject
		tizen_workspace.yaml = tizen_workspace.yaml
	EndProjectSection
EndProject
Project("{9A19103F-16F7-4668-BE54-9A1E7A4F7556}") = "SettingCore", "..\SettingCore\SettingCore.csproj", "{6034C142-AC02-45F2-9826-FA79AD722BDE}"
EndProject
Global
	GlobalSection(SolutionConfigurationPlatforms) = preSolution
		Debug|Any CPU = Debug|Any CPU
		Release|Any CPU = Release|Any CPU
	EndGlobalSection
	GlobalSection(ProjectConfigurationPlatforms) = postSolution
		{DF56527C-4281-4711-B5EC-72FA104F4DCA}.Debug|Any CPU.ActiveCfg = Debug|Any CPU
		{DF56527C-4281-4711-B5EC-72FA104F4DCA}.Debug|Any CPU.Build.0 = Debug|Any CPU
		{DF56527C-4281-4711-B5EC-72FA104F4DCA}.Release|Any CPU.ActiveCfg = Release|Any CPU
		{DF56527C-4281-4711-B5EC-72FA104F4DCA}.Release|Any CPU.Build.0 = Release|Any CPU
		{6034C142-AC02-45F2-9826-FA79AD722BDE}.Debug|Any CPU.ActiveCfg = Debug|Any CPU
		{6034C142-AC02-45F2-9826-FA79AD722BDE}.Debug|Any CPU.Build.0 = Debug|Any CPU
		{6034C142-AC02-45F2-9826-FA79AD722BDE}.Release|Any CPU.ActiveCfg = Release|Any CPU
		{6034C142-AC02-45F2-9826-FA79AD722BDE}.Release|Any CPU.Build.0 = Release|Any CPU
	EndGlobalSection
	GlobalSection(SolutionProperties) = preSolution
		HideSolutionNode = FALSE
	EndGlobalSection
	GlobalSection(ExtensibilityGlobals) = postSolution
		SolutionGuid = {4875D17B-E864-446F-AA80-422D0D492C1A}
	EndGlobalSection
EndGlobal
